
Microsoft Visual Studio Solution File, Format Version 12.00
# Visual Studio Version 17
VisualStudioVersion = 17.0.31903.59
MinimumVisualStudioVersion = 10.0.40219.1
Project("{FAE04EC0-301F-11D3-BF4B-00C04F79EFBC}") = "SmartStrings", "SmartStrings\SmartStrings.csproj", "{8C1744EB-F30E-4C96-B674-74E879C14F5B}"
EndProject
Project("{FAE04EC0-301F-11D3-BF4B-00C04F79EFBC}") = "SmartStrings.Tests", "SmartStrings.Tests\SmartStrings.Tests.csproj", "{E834036A-78DE-4F30-8A77-A17617F7F067}"
EndProject
Global
	GlobalSection(SolutionConfigurationPlatforms) = preSolution
		Debug|Any CPU = Debug|Any CPU
		Release|Any CPU = Release|Any CPU
	EndGlobalSection
	GlobalSection(SolutionProperties) = preSolution
		HideSolutionNode = FALSE
	EndGlobalSection
	GlobalSection(ProjectConfigurationPlatforms) = postSolution
		{8C1744EB-F30E-4C96-B674-74E879C14F5B}.Debug|Any CPU.ActiveCfg = Debug|Any CPU
		{8C1744EB-F30E-4C96-B674-74E879C14F5B}.Debug|Any CPU.Build.0 = Debug|Any CPU
		{8C1744EB-F30E-4C96-B674-74E879C14F5B}.Release|Any CPU.ActiveCfg = Release|Any CPU
		{8C1744EB-F30E-4C96-B674-74E879C14F5B}.Release|Any CPU.Build.0 = Release|Any CPU
		{E834036A-78DE-4F30-8A77-A17617F7F067}.Debug|Any CPU.ActiveCfg = Debug|Any CPU
		{E834036A-78DE-4F30-8A77-A17617F7F067}.Debug|Any CPU.Build.0 = Debug|Any CPU
		{E834036A-78DE-4F30-8A77-A17617F7F067}.Release|Any CPU.ActiveCfg = Release|Any CPU
		{E834036A-78DE-4F30-8A77-A17617F7F067}.Release|Any CPU.Build.0 = Release|Any CPU
	EndGlobalSection
EndGlobal
